# THIS IS AN AUTOGENERATED FILE. DO NOT EDIT THIS FILE DIRECTLY.
# yarn lockfile v1


"@sinclair/typebox@^0.34.27":
  version "0.34.30"
  resolved "https://registry.yarnpkg.com/@sinclair/typebox/-/typebox-0.34.30.tgz#a5f3b127a0ae14e03103f689f744befc429b10cb"
  integrity sha512-gFB3BiqjDxEoadW0zn+xyMVb7cLxPCoblVn2C/BKpI41WPYi2d6fwHAlynPNZ5O/Q4WEiujdnJzVtvG/Jc2CBQ==

"@types/node@*":
  version "22.13.11"
  resolved "https://registry.yarnpkg.com/@types/node/-/node-22.13.11.tgz#f0ed6b302dcf0f4229d44ea707e77484ad46d234"
  integrity sha512-iEUCUJoU0i3VnrCmgoWCXttklWcvoCIx4jzcP22fioIVSdTmjgoEvmAO/QPw6TcS9k5FrNgn4w7q5lGOd1CT5g==
  dependencies:
    undici-types "~6.20.0"

"@types/ws@~8.5.10":
  version "8.5.14"
  resolved "https://registry.yarnpkg.com/@types/ws/-/ws-8.5.14.tgz#93d44b268c9127d96026cf44353725dd9b6c3c21"
  integrity sha512-bd/YFLW+URhBzMXurx7lWByOu+xzU9+kb3RboOteXYDfW+tr+JZa99OyNmPINEGB/ahzKrEuc8rcv4gnpJmxTw==
  dependencies:
    "@types/node" "*"

bun-types@latest:
  version "1.2.5"
  resolved "https://registry.yarnpkg.com/bun-types/-/bun-types-1.2.5.tgz#1e090315033036fbd2eeae89adfd3327c3cc56f7"
  integrity sha512-3oO6LVGGRRKI4kHINx5PIdIgnLRb7l/SprhzqXapmoYkFl5m4j6EvALvbDVuuBFaamB46Ap6HCUxIXNLCGy+tg==
  dependencies:
    "@types/node" "*"
    "@types/ws" "~8.5.10"

cookie@^1.0.2:
  version "1.0.2"
  resolved "https://registry.yarnpkg.com/cookie/-/cookie-1.0.2.tgz#27360701532116bd3f1f9416929d176afe1e4610"
  integrity sha512-9Kr/j4O16ISv8zBBhJoi4bXOYNTkFLOqSL3UDB0njXxCXNezjeyVrJyGOWtgfs/q2km1gwBcfH8q1yEGoMYunA==

elysia@latest:
  version "1.2.25"
  resolved "https://registry.yarnpkg.com/elysia/-/elysia-1.2.25.tgz#52a9493ef5153c605ce5d0d8d8b0ad7c9d834b29"
  integrity sha512-WsdQpORJvb4uszzeqYT0lg97knw1iBW1NTzJ1Jm57tiHg+DfAotlWXYbjmvQ039ssV0fYELDHinLLoUazZkEHg==
  dependencies:
    "@sinclair/typebox" "^0.34.27"
    cookie "^1.0.2"
    memoirist "^0.3.0"
    openapi-types "^12.1.3"

memoirist@^0.3.0:
  version "0.3.0"
  resolved "https://registry.yarnpkg.com/memoirist/-/memoirist-0.3.0.tgz#95e9ab2b44794872beaa9dd9632f99de52e0546c"
  integrity sha512-wR+4chMgVPq+T6OOsk40u9Wlpw1Pjx66NMNiYxCQQ4EUJ7jDs3D9kTCeKdBOkvAiqXlHLVJlvYL01PvIJ1MPNg==

openapi-types@^12.1.3:
  version "12.1.3"
  resolved "https://registry.yarnpkg.com/openapi-types/-/openapi-types-12.1.3.tgz#471995eb26c4b97b7bd356aacf7b91b73e777dd3"
  integrity sha512-N4YtSYJqghVu4iek2ZUvcN/0aqH1kRDuNqzcycDxhOUpg7GdvLa2F3DgS6yBNhInhv2r/6I0Flkn7CqL8+nIcw==

undici-types@~6.20.0:
  version "6.20.0"
  resolved "https://registry.yarnpkg.com/undici-types/-/undici-types-6.20.0.tgz#8171bf22c1f588d1554d55bf204bc624af388433"
  integrity sha512-Ny6QZ2Nju20vw1SRHe3d9jVu6gJ+4e3+MMpqu7pqE5HT6WsTSlce++GQmK5UXS8mzV8DSYHrQH+Xrf2jVcuKNg==
